
Microsoft Visual Studio Solution File, Format Version 12.00
Project("{FAE04EC0-301F-11D3-BF4B-00C04F79EFBC}") = "02-基础语法", "02-基础语法\02-基础语法.csproj", "{03E1D1FE-749F-485E-B94C-7DCC69CAFDC6}"
EndProject
Project("{FAE04EC0-301F-11D3-BF4B-00C04F79EFBC}") = "01-程序结构", "01-程序结构\01-程序结构.csproj", "{1E9DA6A5-B2AE-42B1-9297-598E45A0FD9E}"
EndProject
Project("{FAE04EC0-301F-11D3-BF4B-00C04F79EFBC}") = "03-运算符", "03-运算符\03-运算符.csproj", "{901F6429-E6AF-495A-9275-B897BD3C4615}"
EndProject
Project("{FAE04EC0-301F-11D3-BF4B-00C04F79EFBC}") = "04-条件语句", "04-条件语句\04-条件语句.csproj", "{F7E69BDC-0C4A-4603-A8A9-910F82A35FBE}"
EndProject
Project("{FAE04EC0-301F-11D3-BF4B-00C04F79EFBC}") = "05-循环语句", "05-循环语句\05-循环语句.csproj", "{60AE14C9-86DF-4A89-AF12-CAB04C2FD93F}"
EndProject
Project("{FAE04EC0-301F-11D3-BF4B-00C04F79EFBC}") = "06-OOP 数据处理", "06-OOP 数据处理\06-OOP 数据处理.csproj", "{6706DBC5-1C34-41DC-A6B5-E08945C61817}"
EndProject
Project("{FAE04EC0-301F-11D3-BF4B-00C04F79EFBC}") = "07-OOP 数据处理", "07-OOP 数据处理\07-OOP 数据处理.csproj", "{7D8CED28-150E-4D4F-8604-2166AED96CD6}"
EndProject
Project("{FAE04EC0-301F-11D3-BF4B-00C04F79EFBC}") = "08-OOP 数据处理", "08-OOP 数据处理\08-OOP 数据处理.csproj", "{1A63BAD2-BFF2-4566-9723-2394CE92A4F0}"
EndProject
Project("{FAE04EC0-301F-11D3-BF4B-00C04F79EFBC}") = "09-OOP 数据处理", "09-OOP 数据处理\09-OOP 数据处理.csproj", "{2E20BA7C-891A-4F6A-B303-79C4D79BD176}"
EndProject
Global
	GlobalSection(SolutionConfigurationPlatforms) = preSolution
		Debug|Any CPU = Debug|Any CPU
		Release|Any CPU = Release|Any CPU
	EndGlobalSection
	GlobalSection(ProjectConfigurationPlatforms) = postSolution
		{03E1D1FE-749F-485E-B94C-7DCC69CAFDC6}.Debug|Any CPU.ActiveCfg = Debug|Any CPU
		{03E1D1FE-749F-485E-B94C-7DCC69CAFDC6}.Debug|Any CPU.Build.0 = Debug|Any CPU
		{03E1D1FE-749F-485E-B94C-7DCC69CAFDC6}.Release|Any CPU.ActiveCfg = Release|Any CPU
		{03E1D1FE-749F-485E-B94C-7DCC69CAFDC6}.Release|Any CPU.Build.0 = Release|Any CPU
		{1E9DA6A5-B2AE-42B1-9297-598E45A0FD9E}.Debug|Any CPU.ActiveCfg = Debug|Any CPU
		{1E9DA6A5-B2AE-42B1-9297-598E45A0FD9E}.Debug|Any CPU.Build.0 = Debug|Any CPU
		{1E9DA6A5-B2AE-42B1-9297-598E45A0FD9E}.Release|Any CPU.ActiveCfg = Release|Any CPU
		{1E9DA6A5-B2AE-42B1-9297-598E45A0FD9E}.Release|Any CPU.Build.0 = Release|Any CPU
		{901F6429-E6AF-495A-9275-B897BD3C4615}.Debug|Any CPU.ActiveCfg = Debug|Any CPU
		{901F6429-E6AF-495A-9275-B897BD3C4615}.Debug|Any CPU.Build.0 = Debug|Any CPU
		{901F6429-E6AF-495A-9275-B897BD3C4615}.Release|Any CPU.ActiveCfg = Release|Any CPU
		{901F6429-E6AF-495A-9275-B897BD3C4615}.Release|Any CPU.Build.0 = Release|Any CPU
		{F7E69BDC-0C4A-4603-A8A9-910F82A35FBE}.Debug|Any CPU.ActiveCfg = Debug|Any CPU
		{F7E69BDC-0C4A-4603-A8A9-910F82A35FBE}.Debug|Any CPU.Build.0 = Debug|Any CPU
		{F7E69BDC-0C4A-4603-A8A9-910F82A35FBE}.Release|Any CPU.ActiveCfg = Release|Any CPU
		{F7E69BDC-0C4A-4603-A8A9-910F82A35FBE}.Release|Any CPU.Build.0 = Release|Any CPU
		{60AE14C9-86DF-4A89-AF12-CAB04C2FD93F}.Debug|Any CPU.ActiveCfg = Debug|Any CPU
		{60AE14C9-86DF-4A89-AF12-CAB04C2FD93F}.Debug|Any CPU.Build.0 = Debug|Any CPU
		{60AE14C9-86DF-4A89-AF12-CAB04C2FD93F}.Release|Any CPU.ActiveCfg = Release|Any CPU
		{60AE14C9-86DF-4A89-AF12-CAB04C2FD93F}.Release|Any CPU.Build.0 = Release|Any CPU
		{6706DBC5-1C34-41DC-A6B5-E08945C61817}.Debug|Any CPU.ActiveCfg = Debug|Any CPU
		{6706DBC5-1C34-41DC-A6B5-E08945C61817}.Debug|Any CPU.Build.0 = Debug|Any CPU
		{6706DBC5-1C34-41DC-A6B5-E08945C61817}.Release|Any CPU.ActiveCfg = Release|Any CPU
		{6706DBC5-1C34-41DC-A6B5-E08945C61817}.Release|Any CPU.Build.0 = Release|Any CPU
		{7D8CED28-150E-4D4F-8604-2166AED96CD6}.Debug|Any CPU.ActiveCfg = Debug|Any CPU
		{7D8CED28-150E-4D4F-8604-2166AED96CD6}.Debug|Any CPU.Build.0 = Debug|Any CPU
		{7D8CED28-150E-4D4F-8604-2166AED96CD6}.Release|Any CPU.ActiveCfg = Release|Any CPU
		{7D8CED28-150E-4D4F-8604-2166AED96CD6}.Release|Any CPU.Build.0 = Release|Any CPU
		{1A63BAD2-BFF2-4566-9723-2394CE92A4F0}.Debug|Any CPU.ActiveCfg = Debug|Any CPU
		{1A63BAD2-BFF2-4566-9723-2394CE92A4F0}.Debug|Any CPU.Build.0 = Debug|Any CPU
		{1A63BAD2-BFF2-4566-9723-2394CE92A4F0}.Release|Any CPU.ActiveCfg = Release|Any CPU
		{1A63BAD2-BFF2-4566-9723-2394CE92A4F0}.Release|Any CPU.Build.0 = Release|Any CPU
		{2E20BA7C-891A-4F6A-B303-79C4D79BD176}.Debug|Any CPU.ActiveCfg = Debug|Any CPU
		{2E20BA7C-891A-4F6A-B303-79C4D79BD176}.Debug|Any CPU.Build.0 = Debug|Any CPU
		{2E20BA7C-891A-4F6A-B303-79C4D79BD176}.Release|Any CPU.ActiveCfg = Release|Any CPU
		{2E20BA7C-891A-4F6A-B303-79C4D79BD176}.Release|Any CPU.Build.0 = Release|Any CPU
	EndGlobalSection
EndGlobal
